
Microsoft Visual Studio Solution File, Format Version 12.00
# Visual Studio 15
VisualStudioVersion = 15.0.25807.0
MinimumVisualStudioVersion = 10.0.40219.1
Project("{2150E333-8FDC-42A3-9474-1A3956D46DE8}") = "Engine", "Engine", "{C7D876A5-1F20-4DB4-AD3F-BDEA8173C829}"
EndProject
Project("{2150E333-8FDC-42A3-9474-1A3956D46DE8}") = "Enterprise", "Enterprise", "{ABDB9FF9-B407-4E47-9F45-47941D18A84D}"
EndProject
Project("{2150E333-8FDC-42A3-9474-1A3956D46DE8}") = "Games", "Games", "{C41AD263-C473-45C1-948E-8113A0AAFF2C}"
EndProject
Project("{8BC9CEB8-8B4A-11D0-8D11-00A0C91BC942}") = "UE4", "Intermediate\ProjectFiles\UE4.vcxproj", "{E27D15DA-0060-4E4C-B33A-43851B769112}"
EndProject
Project("{8BC9CEB8-8B4A-11D0-8D11-00A0C91BC942}") = "Studio", "Intermediate\ProjectFiles\Studio.vcxproj", "{056CDFEA-A89F-4CBA-B075-39D925A7EB5B}"
EndProject
Project("{8BC9CEB8-8B4A-11D0-8D11-00A0C91BC942}") = "Mordhau", "Intermediate\ProjectFiles\Mordhau.vcxproj", "{06F30B19-307E-456A-9E77-57DA28CE82A5}"
EndProject
Global
	GlobalSection(SolutionConfigurationPlatforms) = preSolution
		DebugGame Editor|HTML5 = DebugGame Editor|HTML5
		DebugGame Editor|Linux = DebugGame Editor|Linux
		DebugGame Editor|Win32 = DebugGame Editor|Win32
		DebugGame Editor|Win64 = DebugGame Editor|Win64
		DebugGame|HTML5 = DebugGame|HTML5
		DebugGame|Linux = DebugGame|Linux
		DebugGame|Win32 = DebugGame|Win32
		DebugGame|Win64 = DebugGame|Win64
		Development Editor|HTML5 = Development Editor|HTML5
		Development Editor|Linux = Development Editor|Linux
		Development Editor|Win32 = Development Editor|Win32
		Development Editor|Win64 = Development Editor|Win64
		Development|HTML5 = Development|HTML5
		Development|Linux = Development|Linux
		Development|Win32 = Development|Win32
		Development|Win64 = Development|Win64
		Shipping|HTML5 = Shipping|HTML5
		Shipping|Linux = Shipping|Linux
		Shipping|Win32 = Shipping|Win32
		Shipping|Win64 = Shipping|Win64
	EndGlobalSection
	GlobalSection(ProjectConfigurationPlatforms) = postSolution
		{E27D15DA-0060-4E4C-B33A-43851B769112}.DebugGame Editor|HTML5.ActiveCfg = BuiltWithUnrealBuildTool|Win32
		{E27D15DA-0060-4E4C-B33A-43851B769112}.DebugGame Editor|HTML5.Build.0 = BuiltWithUnrealBuildTool|Win32
		{E27D15DA-0060-4E4C-B33A-43851B769112}.DebugGame Editor|Linux.ActiveCfg = BuiltWithUnrealBuildTool|Win32
		{E27D15DA-0060-4E4C-B33A-43851B769112}.DebugGame Editor|Linux.Build.0 = BuiltWithUnrealBuildTool|Win32
		{E27D15DA-0060-4E4C-B33A-43851B769112}.DebugGame Editor|Win32.ActiveCfg = BuiltWithUnrealBuildTool|Win32
		{E27D15DA-0060-4E4C-B33A-43851B769112}.DebugGame Editor|Win32.Build.0 = BuiltWithUnrealBuildTool|Win32
		{E27D15DA-0060-4E4C-B33A-43851B769112}.DebugGame Editor|Win64.ActiveCfg = BuiltWithUnrealBuildTool|Win32
		{E27D15DA-0060-4E4C-B33A-43851B769112}.DebugGame Editor|Win64.Build.0 = BuiltWithUnrealBuildTool|Win32
		{E27D15DA-0060-4E4C-B33A-43851B769112}.DebugGame|HTML5.ActiveCfg = BuiltWithUnrealBuildTool|Win32
		{E27D15DA-0060-4E4C-B33A-43851B769112}.DebugGame|HTML5.Build.0 = BuiltWithUnrealBuildTool|Win32
		{E27D15DA-0060-4E4C-B33A-43851B769112}.DebugGame|Linux.ActiveCfg = BuiltWithUnrealBuildTool|Win32
		{E27D15DA-0060-4E4C-B33A-43851B769112}.DebugGame|Linux.Build.0 = BuiltWithUnrealBuildTool|Win32
		{E27D15DA-0060-4E4C-B33A-43851B769112}.DebugGame|Win32.ActiveCfg = BuiltWithUnrealBuildTool|Win32
		{E27D15DA-0060-4E4C-B33A-43851B769112}.DebugGame|Win32.Build.0 = BuiltWithUnrealBuildTool|Win32
		{E27D15DA-0060-4E4C-B33A-43851B769112}.DebugGame|Win64.ActiveCfg = BuiltWithUnrealBuildTool|Win32
		{E27D15DA-0060-4E4C-B33A-43851B769112}.DebugGame|Win64.Build.0 = BuiltWithUnrealBuildTool|Win32
		{E27D15DA-0060-4E4C-B33A-43851B769112}.Development Editor|HTML5.ActiveCfg = BuiltWithUnrealBuildTool|Win32
		{E27D15DA-0060-4E4C-B33A-43851B769112}.Development Editor|HTML5.Build.0 = BuiltWithUnrealBuildTool|Win32
		{E27D15DA-0060-4E4C-B33A-43851B769112}.Development Editor|Linux.ActiveCfg = BuiltWithUnrealBuildTool|Win32
		{E27D15DA-0060-4E4C-B33A-43851B769112}.Development Editor|Linux.Build.0 = BuiltWithUnrealBuildTool|Win32
		{E27D15DA-0060-4E4C-B33A-43851B769112}.Development Editor|Win32.ActiveCfg = BuiltWithUnrealBuildTool|Win32
		{E27D15DA-0060-4E4C-B33A-43851B769112}.Development Editor|Win32.Build.0 = BuiltWithUnrealBuildTool|Win32
		{E27D15DA-0060-4E4C-B33A-43851B769112}.Development Editor|Win64.ActiveCfg = BuiltWithUnrealBuildTool|Win32
		{E27D15DA-0060-4E4C-B33A-43851B769112}.Development Editor|Win64.Build.0 = BuiltWithUnrealBuildTool|Win32
		{E27D15DA-0060-4E4C-B33A-43851B769112}.Development|HTML5.ActiveCfg = BuiltWithUnrealBuildTool|Win32
		{E27D15DA-0060-4E4C-B33A-43851B769112}.Development|HTML5.Build.0 = BuiltWithUnrealBuildTool|Win32
		{E27D15DA-0060-4E4C-B33A-43851B769112}.Development|Linux.ActiveCfg = BuiltWithUnrealBuildTool|Win32
		{E27D15DA-0060-4E4C-B33A-43851B769112}.Development|Linux.Build.0 = BuiltWithUnrealBuildTool|Win32
		{E27D15DA-0060-4E4C-B33A-43851B769112}.Development|Win32.ActiveCfg = BuiltWithUnrealBuildTool|Win32
		{E27D15DA-0060-4E4C-B33A-43851B769112}.Development|Win32.Build.0 = BuiltWithUnrealBuildTool|Win32
		{E27D15DA-0060-4E4C-B33A-43851B769112}.Development|Win64.ActiveCfg = BuiltWithUnrealBuildTool|Win32
		{E27D15DA-0060-4E4C-B33A-43851B769112}.Development|Win64.Build.0 = BuiltWithUnrealBuildTool|Win32
		{E27D15DA-0060-4E4C-B33A-43851B769112}.Shipping|HTML5.ActiveCfg = BuiltWithUnrealBuildTool|Win32
		{E27D15DA-0060-4E4C-B33A-43851B769112}.Shipping|HTML5.Build.0 = BuiltWithUnrealBuildTool|Win32
		{E27D15DA-0060-4E4C-B33A-43851B769112}.Shipping|Linux.ActiveCfg = BuiltWithUnrealBuildTool|Win32
		{E27D15DA-0060-4E4C-B33A-43851B769112}.Shipping|Linux.Build.0 = BuiltWithUnrealBuildTool|Win32
		{E27D15DA-0060-4E4C-B33A-43851B769112}.Shipping|Win32.ActiveCfg = BuiltWithUnrealBuildTool|Win32
		{E27D15DA-0060-4E4C-B33A-43851B769112}.Shipping|Win32.Build.0 = BuiltWithUnrealBuildTool|Win32
		{E27D15DA-0060-4E4C-B33A-43851B769112}.Shipping|Win64.ActiveCfg = BuiltWithUnrealBuildTool|Win32
		{E27D15DA-0060-4E4C-B33A-43851B769112}.Shipping|Win64.Build.0 = BuiltWithUnrealBuildTool|Win32
		{056CDFEA-A89F-4CBA-B075-39D925A7EB5B}.DebugGame Editor|HTML5.ActiveCfg = BuiltWithUnrealBuildTool|Win32
		{056CDFEA-A89F-4CBA-B075-39D925A7EB5B}.DebugGame Editor|HTML5.Build.0 = BuiltWithUnrealBuildTool|Win32
		{056CDFEA-A89F-4CBA-B075-39D925A7EB5B}.DebugGame Editor|Linux.ActiveCfg = BuiltWithUnrealBuildTool|Win32
		{056CDFEA-A89F-4CBA-B075-39D925A7EB5B}.DebugGame Editor|Linux.Build.0 = BuiltWithUnrealBuildTool|Win32
		{056CDFEA-A89F-4CBA-B075-39D925A7EB5B}.DebugGame Editor|Win32.ActiveCfg = BuiltWithUnrealBuildTool|Win32
		{056CDFEA-A89F-4CBA-B075-39D925A7EB5B}.DebugGame Editor|Win32.Build.0 = BuiltWithUnrealBuildTool|Win32
		{056CDFEA-A89F-4CBA-B075-39D925A7EB5B}.DebugGame Editor|Win64.ActiveCfg = BuiltWithUnrealBuildTool|Win32
		{056CDFEA-A89F-4CBA-B075-39D925A7EB5B}.DebugGame Editor|Win64.Build.0 = BuiltWithUnrealBuildTool|Win32
		{056CDFEA-A89F-4CBA-B075-39D925A7EB5B}.DebugGame|HTML5.ActiveCfg = BuiltWithUnrealBuildTool|Win32
		{056CDFEA-A89F-4CBA-B075-39D925A7EB5B}.DebugGame|HTML5.Build.0 = BuiltWithUnrealBuildTool|Win32
		{056CDFEA-A89F-4CBA-B075-39D925A7EB5B}.DebugGame|Linux.ActiveCfg = BuiltWithUnrealBuildTool|Win32
		{056CDFEA-A89F-4CBA-B075-39D925A7EB5B}.DebugGame|Linux.Build.0 = BuiltWithUnrealBuildTool|Win32
		{056CDFEA-A89F-4CBA-B075-39D925A7EB5B}.DebugGame|Win32.ActiveCfg = BuiltWithUnrealBuildTool|Win32
		{056CDFEA-A89F-4CBA-B075-39D925A7EB5B}.DebugGame|Win32.Build.0 = BuiltWithUnrealBuildTool|Win32
		{056CDFEA-A89F-4CBA-B075-39D925A7EB5B}.DebugGame|Win64.ActiveCfg = BuiltWithUnrealBuildTool|Win32
		{056CDFEA-A89F-4CBA-B075-39D925A7EB5B}.DebugGame|Win64.Build.0 = BuiltWithUnrealBuildTool|Win32
		{056CDFEA-A89F-4CBA-B075-39D925A7EB5B}.Development Editor|HTML5.ActiveCfg = BuiltWithUnrealBuildTool|Win32
		{056CDFEA-A89F-4CBA-B075-39D925A7EB5B}.Development Editor|HTML5.Build.0 = BuiltWithUnrealBuildTool|Win32
		{056CDFEA-A89F-4CBA-B075-39D925A7EB5B}.Development Editor|Linux.ActiveCfg = BuiltWithUnrealBuildTool|Win32
		{056CDFEA-A89F-4CBA-B075-39D925A7EB5B}.Development Editor|Linux.Build.0 = BuiltWithUnrealBuildTool|Win32
		{056CDFEA-A89F-4CBA-B075-39D925A7EB5B}.Development Editor|Win32.ActiveCfg = BuiltWithUnrealBuildTool|Win32
		{056CDFEA-A89F-4CBA-B075-39D925A7EB5B}.Development Editor|Win32.Build.0 = BuiltWithUnrealBuildTool|Win32
		{056CDFEA-A89F-4CBA-B075-39D925A7EB5B}.Development Editor|Win64.ActiveCfg = BuiltWithUnrealBuildTool|Win32
		{056CDFEA-A89F-4CBA-B075-39D925A7EB5B}.Development Editor|Win64.Build.0 = BuiltWithUnrealBuildTool|Win32
		{056CDFEA-A89F-4CBA-B075-39D925A7EB5B}.Development|HTML5.ActiveCfg = BuiltWithUnrealBuildTool|Win32
		{056CDFEA-A89F-4CBA-B075-39D925A7EB5B}.Development|HTML5.Build.0 = BuiltWithUnrealBuildTool|Win32
		{056CDFEA-A89F-4CBA-B075-39D925A7EB5B}.Development|Linux.ActiveCfg = BuiltWithUnrealBuildTool|Win32
		{056CDFEA-A89F-4CBA-B075-39D925A7EB5B}.Development|Linux.Build.0 = BuiltWithUnrealBuildTool|Win32
		{056CDFEA-A89F-4CBA-B075-39D925A7EB5B}.Development|Win32.ActiveCfg = BuiltWithUnrealBuildTool|Win32
		{056CDFEA-A89F-4CBA-B075-39D925A7EB5B}.Development|Win32.Build.0 = BuiltWithUnrealBuildTool|Win32
		{056CDFEA-A89F-4CBA-B075-39D925A7EB5B}.Development|Win64.ActiveCfg = BuiltWithUnrealBuildTool|Win32
		{056CDFEA-A89F-4CBA-B075-39D925A7EB5B}.Development|Win64.Build.0 = BuiltWithUnrealBuildTool|Win32
		{056CDFEA-A89F-4CBA-B075-39D925A7EB5B}.Shipping|HTML5.ActiveCfg = BuiltWithUnrealBuildTool|Win32
		{056CDFEA-A89F-4CBA-B075-39D925A7EB5B}.Shipping|HTML5.Build.0 = BuiltWithUnrealBuildTool|Win32
		{056CDFEA-A89F-4CBA-B075-39D925A7EB5B}.Shipping|Linux.ActiveCfg = BuiltWithUnrealBuildTool|Win32
		{056CDFEA-A89F-4CBA-B075-39D925A7EB5B}.Shipping|Linux.Build.0 = BuiltWithUnrealBuildTool|Win32
		{056CDFEA-A89F-4CBA-B075-39D925A7EB5B}.Shipping|Win32.ActiveCfg = BuiltWithUnrealBuildTool|Win32
		{056CDFEA-A89F-4CBA-B075-39D925A7EB5B}.Shipping|Win32.Build.0 = BuiltWithUnrealBuildTool|Win32
		{056CDFEA-A89F-4CBA-B075-39D925A7EB5B}.Shipping|Win64.ActiveCfg = BuiltWithUnrealBuildTool|Win32
		{056CDFEA-A89F-4CBA-B075-39D925A7EB5B}.Shipping|Win64.Build.0 = BuiltWithUnrealBuildTool|Win32
		{06F30B19-307E-456A-9E77-57DA28CE82A5}.DebugGame Editor|HTML5.ActiveCfg = HTML5_DebugGame_Editor|Win32
		{06F30B19-307E-456A-9E77-57DA28CE82A5}.DebugGame Editor|Linux.ActiveCfg = Linux_DebugGame_Editor|Win32
		{06F30B19-307E-456A-9E77-57DA28CE82A5}.DebugGame Editor|Linux.Build.0 = Linux_DebugGame_Editor|Win32
		{06F30B19-307E-456A-9E77-57DA28CE82A5}.DebugGame Editor|Win32.ActiveCfg = DebugGame_Editor|Win32
		{06F30B19-307E-456A-9E77-57DA28CE82A5}.DebugGame Editor|Win64.ActiveCfg = DebugGame_Editor|x64
		{06F30B19-307E-456A-9E77-57DA28CE82A5}.DebugGame Editor|Win64.Build.0 = DebugGame_Editor|x64
		{06F30B19-307E-456A-9E77-57DA28CE82A5}.DebugGame|HTML5.ActiveCfg = HTML5_DebugGame_Game|Win32
		{06F30B19-307E-456A-9E77-57DA28CE82A5}.DebugGame|HTML5.Build.0 = HTML5_DebugGame_Game|Win32
		{06F30B19-307E-456A-9E77-57DA28CE82A5}.DebugGame|Linux.ActiveCfg = Linux_DebugGame_Game|Win32
		{06F30B19-307E-456A-9E77-57DA28CE82A5}.DebugGame|Linux.Build.0 = Linux_DebugGame_Game|Win32
		{06F30B19-307E-456A-9E77-57DA28CE82A5}.DebugGame|Win32.ActiveCfg = DebugGame_Game|Win32
		{06F30B19-307E-456A-9E77-57DA28CE82A5}.DebugGame|Win32.Build.0 = DebugGame_Game|Win32
		{06F30B19-307E-456A-9E77-57DA28CE82A5}.DebugGame|Win64.ActiveCfg = DebugGame_Game|x64
		{06F30B19-307E-456A-9E77-57DA28CE82A5}.DebugGame|Win64.Build.0 = DebugGame_Game|x64
		{06F30B19-307E-456A-9E77-57DA28CE82A5}.Development Editor|HTML5.ActiveCfg = HTML5_Development_Editor|Win32
		{06F30B19-307E-456A-9E77-57DA28CE82A5}.Development Editor|Linux.ActiveCfg = Linux_Development_Editor|Win32
		{06F30B19-307E-456A-9E77-57DA28CE82A5}.Development Editor|Linux.Build.0 = Linux_Development_Editor|Win32
		{06F30B19-307E-456A-9E77-57DA28CE82A5}.Development Editor|Win32.ActiveCfg = Development_Editor|Win32
		{06F30B19-307E-456A-9E77-57DA28CE82A5}.Development Editor|Win64.ActiveCfg = Development_Editor|x64
		{06F30B19-307E-456A-9E77-57DA28CE82A5}.Development Editor|Win64.Build.0 = Development_Editor|x64
		{06F30B19-307E-456A-9E77-57DA28CE82A5}.Development|HTML5.ActiveCfg = HTML5_Development_Game|Win32
		{06F30B19-307E-456A-9E77-57DA28CE82A5}.Development|HTML5.Build.0 = HTML5_Development_Game|Win32
		{06F30B19-307E-456A-9E77-57DA28CE82A5}.Development|Linux.ActiveCfg = Linux_Development_Game|Win32
		{06F30B19-307E-456A-9E77-57DA28CE82A5}.Development|Linux.Build.0 = Linux_Development_Game|Win32
		{06F30B19-307E-456A-9E77-57DA28CE82A5}.Development|Win32.ActiveCfg = Development_Game|Win32
		{06F30B19-307E-456A-9E77-57DA28CE82A5}.Development|Win32.Build.0 = Development_Game|Win32
		{06F30B19-307E-456A-9E77-57DA28CE82A5}.Development|Win64.ActiveCfg = Development_Game|x64
		{06F30B19-307E-456A-9E77-57DA28CE82A5}.Development|Win64.Build.0 = Development_Game|x64
		{06F30B19-307E-456A-9E77-57DA28CE82A5}.Shipping|HTML5.ActiveCfg = HTML5_Shipping_Game|Win32
		{06F30B19-307E-456A-9E77-57DA28CE82A5}.Shipping|HTML5.Build.0 = HTML5_Shipping_Game|Win32
		{06F30B19-307E-456A-9E77-57DA28CE82A5}.Shipping|Linux.ActiveCfg = Linux_Shipping_Game|Win32
		{06F30B19-307E-456A-9E77-57DA28CE82A5}.Shipping|Linux.Build.0 = Linux_Shipping_Game|Win32
		{06F30B19-307E-456A-9E77-57DA28CE82A5}.Shipping|Win32.ActiveCfg = Shipping_Game|Win32
		{06F30B19-307E-456A-9E77-57DA28CE82A5}.Shipping|Win32.Build.0 = Shipping_Game|Win32
		{06F30B19-307E-456A-9E77-57DA28CE82A5}.Shipping|Win64.ActiveCfg = Shipping_Game|x64
		{06F30B19-307E-456A-9E77-57DA28CE82A5}.Shipping|Win64.Build.0 = Shipping_Game|x64
	EndGlobalSection
	GlobalSection(SolutionProperties) = preSolution
		HideSolutionNode = FALSE
	EndGlobalSection
	GlobalSection(NestedProjects) = preSolution
		{E27D15DA-0060-4E4C-B33A-43851B769112} = {C7D876A5-1F20-4DB4-AD3F-BDEA8173C829}
		{056CDFEA-A89F-4CBA-B075-39D925A7EB5B} = {ABDB9FF9-B407-4E47-9F45-47941D18A84D}
		{06F30B19-307E-456A-9E77-57DA28CE82A5} = {C41AD263-C473-45C1-948E-8113A0AAFF2C}
	EndGlobalSection
	GlobalSection(ExtensibilityGlobals) = postSolution
		SolutionGuid = {416870F8-58B2-4DE0-A311-595464426BF5}
	EndGlobalSection
EndGlobal
